
Microsoft Visual Studio Solution File, Format Version 12.00
# Visual Studio 2012
Project("{FAE04EC0-301F-11D3-BF4B-00C04F79EFBC}") = "ChengDuWomenFederation", "ChengDuWomenFederation\ChengDuWomenFederation.csproj", "{238BE675-4DB3-4D4F-95FB-30793635DEF3}"
EndProject
Project("{FAE04EC0-301F-11D3-BF4B-00C04F79EFBC}") = "CDWF.Business", "CDWF.Business\CDWF.Business.csproj", "{52EC4515-6168-412F-BF17-613773092A7E}"
EndProject
Global
	GlobalSection(SolutionConfigurationPlatforms) = preSolution
		Debug|Any CPU = Debug|Any CPU
		Release|Any CPU = Release|Any CPU
	EndGlobalSection
	GlobalSection(ProjectConfigurationPlatforms) = postSolution
		{238BE675-4DB3-4D4F-95FB-30793635DEF3}.Debug|Any CPU.ActiveCfg = Debug|Any CPU
		{238BE675-4DB3-4D4F-95FB-30793635DEF3}.Debug|Any CPU.Build.0 = Debug|Any CPU
		{238BE675-4DB3-4D4F-95FB-30793635DEF3}.Release|Any CPU.ActiveCfg = Release|Any CPU
		{238BE675-4DB3-4D4F-95FB-30793635DEF3}.Release|Any CPU.Build.0 = Release|Any CPU
		{52EC4515-6168-412F-BF17-613773092A7E}.Debug|Any CPU.ActiveCfg = Debug|Any CPU
		{52EC4515-6168-412F-BF17-613773092A7E}.Debug|Any CPU.Build.0 = Debug|Any CPU
		{52EC4515-6168-412F-BF17-613773092A7E}.Release|Any CPU.ActiveCfg = Release|Any CPU
		{52EC4515-6168-412F-BF17-613773092A7E}.Release|Any CPU.Build.0 = Release|Any CPU
	EndGlobalSection
	GlobalSection(SolutionProperties) = preSolution
		HideSolutionNode = FALSE
	EndGlobalSection
EndGlobal
